
Microsoft Visual Studio Solution File, Format Version 12.00
# Visual Studio Version 17
VisualStudioVersion = 17.0.31903.59
MinimumVisualStudioVersion = 10.0.40219.1
Project("{FAE04EC0-301F-11D3-BF4B-00C04F79EFBC}") = "StockerFrontend", "StockerFrontend.csproj", "{3CB1E2DC-5F4A-495E-93C3-56C00BCF80EC}"
EndProject
Global
	GlobalSection(SolutionConfigurationPlatforms) = preSolution
		Debug|Any CPU = Debug|Any CPU
		Release|Any CPU = Release|Any CPU
	EndGlobalSection
	GlobalSection(ProjectConfigurationPlatforms) = postSolution
		{3CB1E2DC-5F4A-495E-93C3-56C00BCF80EC}.Debug|Any CPU.ActiveCfg = Debug|Any CPU
		{3CB1E2DC-5F4A-495E-93C3-56C00BCF80EC}.Debug|Any CPU.Build.0 = Debug|Any CPU
		{3CB1E2DC-5F4A-495E-93C3-56C00BCF80EC}.Release|Any CPU.ActiveCfg = Release|Any CPU
		{3CB1E2DC-5F4A-495E-93C3-56C00BCF80EC}.Release|Any CPU.Build.0 = Release|Any CPU
	EndGlobalSection
	GlobalSection(SolutionProperties) = preSolution
		HideSolutionNode = FALSE
	EndGlobalSection
	GlobalSection(ExtensibilityGlobals) = postSolution
		SolutionGuid = {65616677-02C0-47F8-ABA0-FE4EB2CC948F}
	EndGlobalSection
EndGlobal
